
Microsoft Visual Studio Solution File, Format Version 12.00
# Visual Studio Version 16
VisualStudioVersion = 16.0.30114.105
MinimumVisualStudioVersion = 10.0.40219.1
Project("{FAE04EC0-301F-11D3-BF4B-00C04F79EFBC}") = "Smeti.Domain", "Smeti.Domain\Smeti.Domain.csproj", "{21D73A29-147F-45AB-9977-86D23C0489BE}"
EndProject
Project("{FAE04EC0-301F-11D3-BF4B-00C04F79EFBC}") = "Smeti.Service", "Smeti.Service\Smeti.Service.csproj", "{79A3B97C-F2FB-4A69-B048-0EFDCFC0EF4F}"
EndProject
Project("{FAE04EC0-301F-11D3-BF4B-00C04F79EFBC}") = "Smeti.Projection", "Smeti.Projection\Smeti.Projection.csproj", "{FDC57BF9-0ACB-40C1-BBF8-D570E823324F}"
EndProject
Global
	GlobalSection(SolutionConfigurationPlatforms) = preSolution
		Debug|Any CPU = Debug|Any CPU
		Release|Any CPU = Release|Any CPU
	EndGlobalSection
	GlobalSection(SolutionProperties) = preSolution
		HideSolutionNode = FALSE
	EndGlobalSection
	GlobalSection(ProjectConfigurationPlatforms) = postSolution
		{21D73A29-147F-45AB-9977-86D23C0489BE}.Debug|Any CPU.ActiveCfg = Debug|Any CPU
		{21D73A29-147F-45AB-9977-86D23C0489BE}.Debug|Any CPU.Build.0 = Debug|Any CPU
		{21D73A29-147F-45AB-9977-86D23C0489BE}.Release|Any CPU.ActiveCfg = Release|Any CPU
		{21D73A29-147F-45AB-9977-86D23C0489BE}.Release|Any CPU.Build.0 = Release|Any CPU
		{79A3B97C-F2FB-4A69-B048-0EFDCFC0EF4F}.Debug|Any CPU.ActiveCfg = Debug|Any CPU
		{79A3B97C-F2FB-4A69-B048-0EFDCFC0EF4F}.Debug|Any CPU.Build.0 = Debug|Any CPU
		{79A3B97C-F2FB-4A69-B048-0EFDCFC0EF4F}.Release|Any CPU.ActiveCfg = Release|Any CPU
		{79A3B97C-F2FB-4A69-B048-0EFDCFC0EF4F}.Release|Any CPU.Build.0 = Release|Any CPU
		{FDC57BF9-0ACB-40C1-BBF8-D570E823324F}.Debug|Any CPU.ActiveCfg = Debug|Any CPU
		{FDC57BF9-0ACB-40C1-BBF8-D570E823324F}.Debug|Any CPU.Build.0 = Debug|Any CPU
		{FDC57BF9-0ACB-40C1-BBF8-D570E823324F}.Release|Any CPU.ActiveCfg = Release|Any CPU
		{FDC57BF9-0ACB-40C1-BBF8-D570E823324F}.Release|Any CPU.Build.0 = Release|Any CPU
	EndGlobalSection
EndGlobal
